// !$*UTF8*$!
{
	archiveVersion = 1;
	classes = {
	};
	objectVersion = 56;
	objects = {

/* Begin PBXBuildFile section */
		1D19B85B2C9B3D670031942A /* FitlerPickerView.swift in Sources */ = {isa = PBXBuildFile; fileRef = 1D19B85A2C9B3D670031942A /* FitlerPickerView.swift */; };
		1D19B85D2C9B3D940031942A /* Filter.swift in Sources */ = {isa = PBXBuildFile; fileRef = 1D19B85C2C9B3D940031942A /* Filter.swift */; };
		1D19B85F2C9B3EE40031942A /* Filters.swift in Sources */ = {isa = PBXBuildFile; fileRef = 1D19B85E2C9B3EE40031942A /* Filters.swift */; };
		1D64C94D2C96BB550015D7DB /* InstafilterApp.swift in Sources */ = {isa = PBXBuildFile; fileRef = 1D64C94C2C96BB550015D7DB /* InstafilterApp.swift */; };
		1D64C94F2C96BB550015D7DB /* ContentView.swift in Sources */ = {isa = PBXBuildFile; fileRef = 1D64C94E2C96BB550015D7DB /* ContentView.swift */; };
		1D64C9512C96BB580015D7DB /* Assets.xcassets in Resources */ = {isa = PBXBuildFile; fileRef = 1D64C9502C96BB580015D7DB /* Assets.xcassets */; };
		1D64C9542C96BB580015D7DB /* Preview Assets.xcassets in Resources */ = {isa = PBXBuildFile; fileRef = 1D64C9532C96BB580015D7DB /* Preview Assets.xcassets */; };
		1D64C95E2C96BB580015D7DB /* InstafilterTests.swift in Sources */ = {isa = PBXBuildFile; fileRef = 1D64C95D2C96BB580015D7DB /* InstafilterTests.swift */; };
		1D64C9682C96BB580015D7DB /* InstafilterUITests.swift in Sources */ = {isa = PBXBuildFile; fileRef = 1D64C9672C96BB580015D7DB /* InstafilterUITests.swift */; };
		1D64C96A2C96BB580015D7DB /* InstafilterUITestsLaunchTests.swift in Sources */ = {isa = PBXBuildFile; fileRef = 1D64C9692C96BB580015D7DB /* InstafilterUITestsLaunchTests.swift */; };
/* End PBXBuildFile section */

/* Begin PBXContainerItemProxy section */
		1D64C95A2C96BB580015D7DB /* PBXContainerItemProxy */ = {
			isa = PBXContainerItemProxy;
			containerPortal = 1D64C9412C96BB550015D7DB /* Project object */;
			proxyType = 1;
			remoteGlobalIDString = 1D64C9482C96BB550015D7DB;
			remoteInfo = Instafilter;
		};
		1D64C9642C96BB580015D7DB /* PBXContainerItemProxy */ = {
			isa = PBXContainerItemProxy;
			containerPortal = 1D64C9412C96BB550015D7DB /* Project object */;
			proxyType = 1;
			remoteGlobalIDString = 1D64C9482C96BB550015D7DB;
			remoteInfo = Instafilter;
		};
/* End PBXContainerItemProxy section */

/* Begin PBXFileReference section */
		1D19B85A2C9B3D670031942A /* FitlerPickerView.swift */ = {isa = PBXFileReference; lastKnownFileType = sourcecode.swift; path = FitlerPickerView.swift; sourceTree = "<group>"; };
		1D19B85C2C9B3D940031942A /* Filter.swift */ = {isa = PBXFileReference; lastKnownFileType = sourcecode.swift; path = Filter.swift; sourceTree = "<group>"; };
		1D19B85E2C9B3EE40031942A /* Filters.swift */ = {isa = PBXFileReference; lastKnownFileType = sourcecode.swift; path = Filters.swift; sourceTree = "<group>"; };
		1D64C9492C96BB550015D7DB /* Instafilter.app */ = {isa = PBXFileReference; explicitFileType = wrapper.application; includeInIndex = 0; path = Instafilter.app; sourceTree = BUILT_PRODUCTS_DIR; };
		1D64C94C2C96BB550015D7DB /* InstafilterApp.swift */ = {isa = PBXFileReference; lastKnownFileType = sourcecode.swift; path = InstafilterApp.swift; sourceTree = "<group>"; };
		1D64C94E2C96BB550015D7DB /* ContentView.swift */ = {isa = PBXFileReference; lastKnownFileType = sourcecode.swift; path = ContentView.swift; sourceTree = "<group>"; };
		1D64C9502C96BB580015D7DB /* Assets.xcassets */ = {isa = PBXFileReference; lastKnownFileType = folder.assetcatalog; path = Assets.xcassets; sourceTree = "<group>"; };
		1D64C9532C96BB580015D7DB /* Preview Assets.xcassets */ = {isa = PBXFileReference; lastKnownFileType = folder.assetcatalog; path = "Preview Assets.xcassets"; sourceTree = "<group>"; };
		1D64C9592C96BB580015D7DB /* InstafilterTests.xctest */ = {isa = PBXFileReference; explicitFileType = wrapper.cfbundle; includeInIndex = 0; path = InstafilterTests.xctest; sourceTree = BUILT_PRODUCTS_DIR; };
		1D64C95D2C96BB580015D7DB /* InstafilterTests.swift */ = {isa = PBXFileReference; lastKnownFileType = sourcecode.swift; path = InstafilterTests.swift; sourceTree = "<group>"; };
		1D64C9632C96BB580015D7DB /* InstafilterUITests.xctest */ = {isa = PBXFileReference; explicitFileType = wrapper.cfbundle; includeInIndex = 0; path = InstafilterUITests.xctest; sourceTree = BUILT_PRODUCTS_DIR; };
		1D64C9672C96BB580015D7DB /* InstafilterUITests.swift */ = {isa = PBXFileReference; lastKnownFileType = sourcecode.swift; path = InstafilterUITests.swift; sourceTree = "<group>"; };
		1D64C9692C96BB580015D7DB /* InstafilterUITestsLaunchTests.swift */ = {isa = PBXFileReference; lastKnownFileType = sourcecode.swift; path = InstafilterUITestsLaunchTests.swift; sourceTree = "<group>"; };
/* End PBXFileReference section */

/* Begin PBXFrameworksBuildPhase section */
		1D64C9462C96BB550015D7DB /* Frameworks */ = {
			isa = PBXFrameworksBuildPhase;
			buildActionMask = 2147483647;
			files = (
			);
			runOnlyForDeploymentPostprocessing = 0;
		};
		1D64C9562C96BB580015D7DB /* Frameworks */ = {
			isa = PBXFrameworksBuildPhase;
			buildActionMask = 2147483647;
			files = (
			);
			runOnlyForDeploymentPostprocessing = 0;
		};
		1D64C9602C96BB580015D7DB /* Frameworks */ = {
			isa = PBXFrameworksBuildPhase;
			buildActionMask = 2147483647;
			files = (
			);
			runOnlyForDeploymentPostprocessing = 0;
		};
/* End PBXFrameworksBuildPhase section */

/* Begin PBXGroup section */
		1D64C9402C96BB550015D7DB = {
			isa = PBXGroup;
			children = (
				1D64C94B2C96BB550015D7DB /* Instafilter */,
				1D64C95C2C96BB580015D7DB /* InstafilterTests */,
				1D64C9662C96BB580015D7DB /* InstafilterUITests */,
				1D64C94A2C96BB550015D7DB /* Products */,
			);
			sourceTree = "<group>";
		};
		1D64C94A2C96BB550015D7DB /* Products */ = {
			isa = PBXGroup;
			children = (
				1D64C9492C96BB550015D7DB /* Instafilter.app */,
				1D64C9592C96BB580015D7DB /* InstafilterTests.xctest */,
				1D64C9632C96BB580015D7DB /* InstafilterUITests.xctest */,
			);
			name = Products;
			sourceTree = "<group>";
		};
		1D64C94B2C96BB550015D7DB /* Instafilter */ = {
			isa = PBXGroup;
			children = (
				1D64C94C2C96BB550015D7DB /* InstafilterApp.swift */,
				1D64C94E2C96BB550015D7DB /* ContentView.swift */,
				1D19B85C2C9B3D940031942A /* Filter.swift */,
				1D19B85E2C9B3EE40031942A /* Filters.swift */,
				1D19B85A2C9B3D670031942A /* FitlerPickerView.swift */,
				1D64C9502C96BB580015D7DB /* Assets.xcassets */,
				1D64C9522C96BB580015D7DB /* Preview Content */,
			);
			path = Instafilter;
			sourceTree = "<group>";
		};
		1D64C9522C96BB580015D7DB /* Preview Content */ = {
			isa = PBXGroup;
			children = (
				1D64C9532C96BB580015D7DB /* Preview Assets.xcassets */,
			);
			path = "Preview Content";
			sourceTree = "<group>";
		};
		1D64C95C2C96BB580015D7DB /* InstafilterTests */ = {
			isa = PBXGroup;
			children = (
				1D64C95D2C96BB580015D7DB /* InstafilterTests.swift */,
			);
			path = InstafilterTests;
			sourceTree = "<group>";
		};
		1D64C9662C96BB580015D7DB /* InstafilterUITests */ = {
			isa = PBXGroup;
			children = (
				1D64C9672C96BB580015D7DB /* InstafilterUITests.swift */,
				1D64C9692C96BB580015D7DB /* InstafilterUITestsLaunchTests.swift */,
			);
			path = InstafilterUITests;
			sourceTree = "<group>";
		};
/* End PBXGroup section */

/* Begin PBXNativeTarget section */
		1D64C9482C96BB550015D7DB /* Instafilter */ = {
			isa = PBXNativeTarget;
			buildConfigurationList = 1D64C96D2C96BB580015D7DB /* Build configuration list for PBXNativeTarget "Instafilter" */;
			buildPhases = (
				1D64C9452C96BB550015D7DB /* Sources */,
				1D64C9462C96BB550015D7DB /* Frameworks */,
				1D64C9472C96BB550015D7DB /* Resources */,
			);
			buildRules = (
			);
			dependencies = (
			);
			name = Instafilter;
			productName = Instafilter;
			productReference = 1D64C9492C96BB550015D7DB /* Instafilter.app */;
			productType = "com.apple.product-type.application";
		};
		1D64C9582C96BB580015D7DB /* InstafilterTests */ = {
			isa = PBXNativeTarget;
			buildConfigurationList = 1D64C9702C96BB580015D7DB /* Build configuration list for PBXNativeTarget "InstafilterTests" */;
			buildPhases = (
				1D64C9552C96BB580015D7DB /* Sources */,
				1D64C9562C96BB580015D7DB /* Frameworks */,
				1D64C9572C96BB580015D7DB /* Resources */,
			);
			buildRules = (
			);
			dependencies = (
				1D64C95B2C96BB580015D7DB /* PBXTargetDependency */,
			);
			name = InstafilterTests;
			productName = InstafilterTests;
			productReference = 1D64C9592C96BB580015D7DB /* InstafilterTests.xctest */;
			productType = "com.apple.product-type.bundle.unit-test";
		};
		1D64C9622C96BB580015D7DB /* InstafilterUITests */ = {
			isa = PBXNativeTarget;
			buildConfigurationList = 1D64C9732C96BB580015D7DB /* Build configuration list for PBXNativeTarget "InstafilterUITests" */;
			buildPhases = (
				1D64C95F2C96BB580015D7DB /* Sources */,
				1D64C9602C96BB580015D7DB /* Frameworks */,
				1D64C9612C96BB580015D7DB /* Resources */,
			);
			buildRules = (
			);
			dependencies = (
				1D64C9652C96BB580015D7DB /* PBXTargetDependency */,
			);
			name = InstafilterUITests;
			productName = InstafilterUITests;
			productReference = 1D64C9632C96BB580015D7DB /* InstafilterUITests.xctest */;
			productType = "com.apple.product-type.bundle.ui-testing";
		};
/* End PBXNativeTarget section */

/* Begin PBXProject section */
		1D64C9412C96BB550015D7DB /* Project object */ = {
			isa = PBXProject;
			attributes = {
				BuildIndependentTargetsInParallel = 1;
				LastSwiftUpdateCheck = 1500;
				LastUpgradeCheck = 1500;
				TargetAttributes = {
					1D64C9482C96BB550015D7DB = {
						CreatedOnToolsVersion = 15.0;
					};
					1D64C9582C96BB580015D7DB = {
						CreatedOnToolsVersion = 15.0;
						TestTargetID = 1D64C9482C96BB550015D7DB;
					};
					1D64C9622C96BB580015D7DB = {
						CreatedOnToolsVersion = 15.0;
						TestTargetID = 1D64C9482C96BB550015D7DB;
					};
				};
			};
			buildConfigurationList = 1D64C9442C96BB550015D7DB /* Build configuration list for PBXProject "Instafilter" */;
			compatibilityVersion = "Xcode 14.0";
			developmentRegion = en;
			hasScannedForEncodings = 0;
			knownRegions = (
				en,
				Base,
			);
			mainGroup = 1D64C9402C96BB550015D7DB;
			productRefGroup = 1D64C94A2C96BB550015D7DB /* Products */;
			projectDirPath = "";
			projectRoot = "";
			targets = (
				1D64C9482C96BB550015D7DB /* Instafilter */,
				1D64C9582C96BB580015D7DB /* InstafilterTests */,
				1D64C9622C96BB580015D7DB /* InstafilterUITests */,
			);
		};
/* End PBXProject section */

/* Begin PBXResourcesBuildPhase section */
		1D64C9472C96BB550015D7DB /* Resources */ = {
			isa = PBXResourcesBuildPhase;
			buildActionMask = 2147483647;
			files = (
				1D64C9542C96BB580015D7DB /* Preview Assets.xcassets in Resources */,
				1D64C9512C96BB580015D7DB /* Assets.xcassets in Resources */,
			);
			runOnlyForDeploymentPostprocessing = 0;
		};
		1D64C9572C96BB580015D7DB /* Resources */ = {
			isa = PBXResourcesBuildPhase;
			buildActionMask = 2147483647;
			files = (
			);
			runOnlyForDeploymentPostprocessing = 0;
		};
		1D64C9612C96BB580015D7DB /* Resources */ = {
			isa = PBXResourcesBuildPhase;
			buildActionMask = 2147483647;
			files = (
			);
			runOnlyForDeploymentPostprocessing = 0;
		};
/* End PBXResourcesBuildPhase section */

/* Begin PBXSourcesBuildPhase section */
		1D64C9452C96BB550015D7DB /* Sources */ = {
			isa = PBXSourcesBuildPhase;
			buildActionMask = 2147483647;
			files = (
				1D64C94F2C96BB550015D7DB /* ContentView.swift in Sources */,
				1D19B85F2C9B3EE40031942A /* Filters.swift in Sources */,
				1D19B85D2C9B3D940031942A /* Filter.swift in Sources */,
				1D64C94D2C96BB550015D7DB /* InstafilterApp.swift in Sources */,
				1D19B85B2C9B3D670031942A /* FitlerPickerView.swift in Sources */,
			);
			runOnlyForDeploymentPostprocessing = 0;
		};
		1D64C9552C96BB580015D7DB /* Sources */ = {
			isa = PBXSourcesBuildPhase;
			buildActionMask = 2147483647;
			files = (
				1D64C95E2C96BB580015D7DB /* InstafilterTests.swift in Sources */,
			);
			runOnlyForDeploymentPostprocessing = 0;
		};
		1D64C95F2C96BB580015D7DB /* Sources */ = {
			isa = PBXSourcesBuildPhase;
			buildActionMask = 2147483647;
			files = (
				1D64C96A2C96BB580015D7DB /* InstafilterUITestsLaunchTests.swift in Sources */,
				1D64C9682C96BB580015D7DB /* InstafilterUITests.swift in Sources */,
			);
			runOnlyForDeploymentPostprocessing = 0;
		};
/* End PBXSourcesBuildPhase section */

/* Begin PBXTargetDependency section */
		1D64C95B2C96BB580015D7DB /* PBXTargetDependency */ = {
			isa = PBXTargetDependency;
			target = 1D64C9482C96BB550015D7DB /* Instafilter */;
			targetProxy = 1D64C95A2C96BB580015D7DB /* PBXContainerItemProxy */;
		};
		1D64C9652C96BB580015D7DB /* PBXTargetDependency */ = {
			isa = PBXTargetDependency;
			target = 1D64C9482C96BB550015D7DB /* Instafilter */;
			targetProxy = 1D64C9642C96BB580015D7DB /* PBXContainerItemProxy */;
		};
/* End PBXTargetDependency section */

/* Begin XCBuildConfiguration section */
		1D64C96B2C96BB580015D7DB /* Debug */ = {
			isa = XCBuildConfiguration;
			buildSettings = {
				ALWAYS_SEARCH_USER_PATHS = NO;
				ASSETCATALOG_COMPILER_GENERATE_SWIFT_ASSET_SYMBOL_EXTENSIONS = YES;
				CLANG_ANALYZER_NONNULL = YES;
				CLANG_ANALYZER_NUMBER_OBJECT_CONVERSION = YES_AGGRESSIVE;
				CLANG_CXX_LANGUAGE_STANDARD = "gnu++20";
				CLANG_ENABLE_MODULES = YES;
				CLANG_ENABLE_OBJC_ARC = YES;
				CLANG_ENABLE_OBJC_WEAK = YES;
				CLANG_WARN_BLOCK_CAPTURE_AUTORELEASING = YES;
				CLANG_WARN_BOOL_CONVERSION = YES;
				CLANG_WARN_COMMA = YES;
				CLANG_WARN_CONSTANT_CONVERSION = YES;
				CLANG_WARN_DEPRECATED_OBJC_IMPLEMENTATIONS = YES;
				CLANG_WARN_DIRECT_OBJC_ISA_USAGE = YES_ERROR;
				CLANG_WARN_DOCUMENTATION_COMMENTS = YES;
				CLANG_WARN_EMPTY_BODY = YES;
				CLANG_WARN_ENUM_CONVERSION = YES;
				CLANG_WARN_INFINITE_RECURSION = YES;
				CLANG_WARN_INT_CONVERSION = YES;
				CLANG_WARN_NON_LITERAL_NULL_CONVERSION = YES;
				CLANG_WARN_OBJC_IMPLICIT_RETAIN_SELF = YES;
				CLANG_WARN_OBJC_LITERAL_CONVERSION = YES;
				CLANG_WARN_OBJC_ROOT_CLASS = YES_ERROR;
				CLANG_WARN_QUOTED_INCLUDE_IN_FRAMEWORK_HEADER = YES;
				CLANG_WARN_RANGE_LOOP_ANALYSIS = YES;
				CLANG_WARN_STRICT_PROTOTYPES = YES;
				CLANG_WARN_SUSPICIOUS_MOVE = YES;
				CLANG_WARN_UNGUARDED_AVAILABILITY = YES_AGGRESSIVE;
				CLANG_WARN_UNREACHABLE_CODE = YES;
				CLANG_WARN__DUPLICATE_METHOD_MATCH = YES;
				COPY_PHASE_STRIP = NO;
				DEBUG_INFORMATION_FORMAT = dwarf;
				ENABLE_STRICT_OBJC_MSGSEND = YES;
				ENABLE_TESTABILITY = YES;
				ENABLE_USER_SCRIPT_SANDBOXING = YES;
				GCC_C_LANGUAGE_STANDARD = gnu17;
				GCC_DYNAMIC_NO_PIC = NO;
				GCC_NO_COMMON_BLOCKS = YES;
				GCC_OPTIMIZATION_LEVEL = 0;
				GCC_PREPROCESSOR_DEFINITIONS = (
					"DEBUG=1",
					"$(inherited)",
				);
				GCC_WARN_64_TO_32_BIT_CONVERSION = YES;
				GCC_WARN_ABOUT_RETURN_TYPE = YES_ERROR;
				GCC_WARN_UNDECLARED_SELECTOR = YES;
				GCC_WARN_UNINITIALIZED_AUTOS = YES_AGGRESSIVE;
				GCC_WARN_UNUSED_FUNCTION = YES;
				GCC_WARN_UNUSED_VARIABLE = YES;
				IPHONEOS_DEPLOYMENT_TARGET = 17.0;
				LOCALIZATION_PREFERS_STRING_CATALOGS = YES;
				MTL_ENABLE_DEBUG_INFO = INCLUDE_SOURCE;
				MTL_FAST_MATH = YES;
				ONLY_ACTIVE_ARCH = YES;
				SDKROOT = iphoneos;
				SWIFT_ACTIVE_COMPILATION_CONDITIONS = "DEBUG $(inherited)";
				SWIFT_OPTIMIZATION_LEVEL = "-Onone";
			};
			name = Debug;
		};
		1D64C96C2C96BB580015D7DB /* Release */ = {
			isa = XCBuildConfiguration;
			buildSettings = {
				ALWAYS_SEARCH_USER_PATHS = NO;
				ASSETCATALOG_COMPILER_GENERATE_SWIFT_ASSET_SYMBOL_EXTENSIONS = YES;
				CLANG_ANALYZER_NONNULL = YES;
				CLANG_ANALYZER_NUMBER_OBJECT_CONVERSION = YES_AGGRESSIVE;
				CLANG_CXX_LANGUAGE_STANDARD = "gnu++20";
				CLANG_ENABLE_MODULES = YES;
				CLANG_ENABLE_OBJC_ARC = YES;
				CLANG_ENABLE_OBJC_WEAK = YES;
				CLANG_WARN_BLOCK_CAPTURE_AUTORELEASING = YES;
				CLANG_WARN_BOOL_CONVERSION = YES;
				CLANG_WARN_COMMA = YES;
				CLANG_WARN_CONSTANT_CONVERSION = YES;
				CLANG_WARN_DEPRECATED_OBJC_IMPLEMENTATIONS = YES;
				CLANG_WARN_DIRECT_OBJC_ISA_USAGE = YES_ERROR;
				CLANG_WARN_DOCUMENTATION_COMMENTS = YES;
				CLANG_WARN_EMPTY_BODY = YES;
				CLANG_WARN_ENUM_CONVERSION = YES;
				CLANG_WARN_INFINITE_RECURSION = YES;
				CLANG_WARN_INT_CONVERSION = YES;
				CLANG_WARN_NON_LITERAL_NULL_CONVERSION = YES;
				CLANG_WARN_OBJC_IMPLICIT_RETAIN_SELF = YES;
				CLANG_WARN_OBJC_LITERAL_CONVERSION = YES;
				CLANG_WARN_OBJC_ROOT_CLASS = YES_ERROR;
				CLANG_WARN_QUOTED_INCLUDE_IN_FRAMEWORK_HEADER = YES;
				CLANG_WARN_RANGE_LOOP_ANALYSIS = YES;
				CLANG_WARN_STRICT_PROTOTYPES = YES;
				CLANG_WARN_SUSPICIOUS_MOVE = YES;
				CLANG_WARN_UNGUARDED_AVAILABILITY = YES_AGGRESSIVE;
				CLANG_WARN_UNREACHABLE_CODE = YES;
				CLANG_WARN__DUPLICATE_METHOD_MATCH = YES;
				COPY_PHASE_STRIP = NO;
				DEBUG_INFORMATION_FORMAT = "dwarf-with-dsym";
				ENABLE_NS_ASSERTIONS = NO;
				ENABLE_STRICT_OBJC_MSGSEND = YES;
				ENABLE_USER_SCRIPT_SANDBOXING = YES;
				GCC_C_LANGUAGE_STANDARD = gnu17;
				GCC_NO_COMMON_BLOCKS = YES;
				GCC_WARN_64_TO_32_BIT_CONVERSION = YES;
				GCC_WARN_ABOUT_RETURN_TYPE = YES_ERROR;
				GCC_WARN_UNDECLARED_SELECTOR = YES;
				GCC_WARN_UNINITIALIZED_AUTOS = YES_AGGRESSIVE;
				GCC_WARN_UNUSED_FUNCTION = YES;
				GCC_WARN_UNUSED_VARIABLE = YES;
				IPHONEOS_DEPLOYMENT_TARGET = 17.0;
				LOCALIZATION_PREFERS_STRING_CATALOGS = YES;
				MTL_ENABLE_DEBUG_INFO = NO;
				MTL_FAST_MATH = YES;
				SDKROOT = iphoneos;
				SWIFT_COMPILATION_MODE = wholemodule;
				VALIDATE_PRODUCT = YES;
			};
			name = Release;
		};
		1D64C96E2C96BB580015D7DB /* Debug */ = {
			isa = XCBuildConfiguration;
			buildSettings = {
				ASSETCATALOG_COMPILER_APPICON_NAME = AppIcon;
				ASSETCATALOG_COMPILER_GLOBAL_ACCENT_COLOR_NAME = AccentColor;
				CODE_SIGN_STYLE = Automatic;
				CURRENT_PROJECT_VERSION = 1;
				DEVELOPMENT_ASSET_PATHS = "\"Instafilter/Preview Content\"";
				ENABLE_PREVIEWS = YES;
				GENERATE_INFOPLIST_FILE = YES;
				INFOPLIST_KEY_UIApplicationSceneManifest_Generation = YES;
				INFOPLIST_KEY_UIApplicationSupportsIndirectInputEvents = YES;
				INFOPLIST_KEY_UILaunchScreen_Generation = YES;
				INFOPLIST_KEY_UISupportedInterfaceOrientations_iPad = "UIInterfaceOrientationPortrait UIInterfaceOrientationPortraitUpsideDown UIInterfaceOrientationLandscapeLeft UIInterfaceOrientationLandscapeRight";
				INFOPLIST_KEY_UISupportedInterfaceOrientations_iPhone = "UIInterfaceOrientationPortrait UIInterfaceOrientationLandscapeLeft UIInterfaceOrientationLandscapeRight";
				LD_RUNPATH_SEARCH_PATHS = (
					"$(inherited)",
					"@executable_path/Frameworks",
				);
				MARKETING_VERSION = 1.0;
				PRODUCT_BUNDLE_IDENTIFIER = com.naveed.instafilter.Instafilter;
				PRODUCT_NAME = "$(TARGET_NAME)";
				SWIFT_EMIT_LOC_STRINGS = YES;
				SWIFT_VERSION = 5.0;
				TARGETED_DEVICE_FAMILY = "1,2";
			};
			name = Debug;
		};
		1D64C96F2C96BB580015D7DB /* Release */ = {
			isa = XCBuildConfiguration;
			buildSettings = {
				ASSETCATALOG_COMPILER_APPICON_NAME = AppIcon;
				ASSETCATALOG_COMPILER_GLOBAL_ACCENT_COLOR_NAME = AccentColor;
				CODE_SIGN_STYLE = Automatic;
				CURRENT_PROJECT_VERSION = 1;
				DEVELOPMENT_ASSET_PATHS = "\"Instafilter/Preview Content\"";
				ENABLE_PREVIEWS = YES;
				GENERATE_INFOPLIST_FILE = YES;
				INFOPLIST_KEY_UIApplicationSceneManifest_Generation = YES;
				INFOPLIST_KEY_UIApplicationSupportsIndirectInputEvents = YES;
				INFOPLIST_KEY_UILaunchScreen_Generation = YES;
				INFOPLIST_KEY_UISupportedInterfaceOrientations_iPad = "UIInterfaceOrientationPortrait UIInterfaceOrientationPortraitUpsideDown UIInterfaceOrientationLandscapeLeft UIInterfaceOrientationLandscapeRight";
				INFOPLIST_KEY_UISupportedInterfaceOrientations_iPhone = "UIInterfaceOrientationPortrait UIInterfaceOrientationLandscapeLeft UIInterfaceOrientationLandscapeRight";
				LD_RUNPATH_SEARCH_PATHS = (
					"$(inherited)",
					"@executable_path/Frameworks",
				);
				MARKETING_VERSION = 1.0;
				PRODUCT_BUNDLE_IDENTIFIER = com.naveed.instafilter.Instafilter;
				PRODUCT_NAME = "$(TARGET_NAME)";
				SWIFT_EMIT_LOC_STRINGS = YES;
				SWIFT_VERSION = 5.0;
				TARGETED_DEVICE_FAMILY = "1,2";
			};
			name = Release;
		};
		1D64C9712C96BB580015D7DB /* Debug */ = {
			isa = XCBuildConfiguration;
			buildSettings = {
				ALWAYS_EMBED_SWIFT_STANDARD_LIBRARIES = YES;
				BUNDLE_LOADER = "$(TEST_HOST)";
				CODE_SIGN_STYLE = Automatic;
				CURRENT_PROJECT_VERSION = 1;
				GENERATE_INFOPLIST_FILE = YES;
				IPHONEOS_DEPLOYMENT_TARGET = 17.0;
				MARKETING_VERSION = 1.0;
				PRODUCT_BUNDLE_IDENTIFIER = com.naveed.instafilter.InstafilterTests;
				PRODUCT_NAME = "$(TARGET_NAME)";
				SWIFT_EMIT_LOC_STRINGS = NO;
				SWIFT_VERSION = 5.0;
				TARGETED_DEVICE_FAMILY = "1,2";
				TEST_HOST = "$(BUILT_PRODUCTS_DIR)/Instafilter.app/$(BUNDLE_EXECUTABLE_FOLDER_PATH)/Instafilter";
			};
			name = Debug;
		};
		1D64C9722C96BB580015D7DB /* Release */ = {
			isa = XCBuildConfiguration;
			buildSettings = {
				ALWAYS_EMBED_SWIFT_STANDARD_LIBRARIES = YES;
				BUNDLE_LOADER = "$(TEST_HOST)";
				CODE_SIGN_STYLE = Automatic;
				CURRENT_PROJECT_VERSION = 1;
				GENERATE_INFOPLIST_FILE = YES;
				IPHONEOS_DEPLOYMENT_TARGET = 17.0;
				MARKETING_VERSION = 1.0;
				PRODUCT_BUNDLE_IDENTIFIER = com.naveed.instafilter.InstafilterTests;
				PRODUCT_NAME = "$(TARGET_NAME)";
				SWIFT_EMIT_LOC_STRINGS = NO;
				SWIFT_VERSION = 5.0;
				TARGETED_DEVICE_FAMILY = "1,2";
				TEST_HOST = "$(BUILT_PRODUCTS_DIR)/Instafilter.app/$(BUNDLE_EXECUTABLE_FOLDER_PATH)/Instafilter";
			};
			name = Release;
		};
		1D64C9742C96BB580015D7DB /* Debug */ = {
			isa = XCBuildConfiguration;
			buildSettings = {
				ALWAYS_EMBED_SWIFT_STANDARD_LIBRARIES = YES;
				CODE_SIGN_STYLE = Automatic;
				CURRENT_PROJECT_VERSION = 1;
				GENERATE_INFOPLIST_FILE = YES;
				MARKETING_VERSION = 1.0;
				PRODUCT_BUNDLE_IDENTIFIER = com.naveed.instafilter.InstafilterUITests;
				PRODUCT_NAME = "$(TARGET_NAME)";
				SWIFT_EMIT_LOC_STRINGS = NO;
				SWIFT_VERSION = 5.0;
				TARGETED_DEVICE_FAMILY = "1,2";
				TEST_TARGET_NAME = Instafilter;
			};
			name = Debug;
		};
		1D64C9752C96BB580015D7DB /* Release */ = {
			isa = XCBuildConfiguration;
			buildSettings = {
				ALWAYS_EMBED_SWIFT_STANDARD_LIBRARIES = YES;
				CODE_SIGN_STYLE = Automatic;
				CURRENT_PROJECT_VERSION = 1;
				GENERATE_INFOPLIST_FILE = YES;
				MARKETING_VERSION = 1.0;
				PRODUCT_BUNDLE_IDENTIFIER = com.naveed.instafilter.InstafilterUITests;
				PRODUCT_NAME = "$(TARGET_NAME)";
				SWIFT_EMIT_LOC_STRINGS = NO;
				SWIFT_VERSION = 5.0;
				TARGETED_DEVICE_FAMILY = "1,2";
				TEST_TARGET_NAME = Instafilter;
			};
			name = Release;
		};
/* End XCBuildConfiguration section */

/* Begin XCConfigurationList section */
		1D64C9442C96BB550015D7DB /* Build configuration list for PBXProject "Instafilter" */ = {
			isa = XCConfigurationList;
			buildConfigurations = (
				1D64C96B2C96BB580015D7DB /* Debug */,
				1D64C96C2C96BB580015D7DB /* Release */,
			);
			defaultConfigurationIsVisible = 0;
			defaultConfigurationName = Release;
		};
		1D64C96D2C96BB580015D7DB /* Build configuration list for PBXNativeTarget "Instafilter" */ = {
			isa = XCConfigurationList;
			buildConfigurations = (
				1D64C96E2C96BB580015D7DB /* Debug */,
				1D64C96F2C96BB580015D7DB /* Release */,
			);
			defaultConfigurationIsVisible = 0;
			defaultConfigurationName = Release;
		};
		1D64C9702C96BB580015D7DB /* Build configuration list for PBXNativeTarget "InstafilterTests" */ = {
			isa = XCConfigurationList;
			buildConfigurations = (
				1D64C9712C96BB580015D7DB /* Debug */,
				1D64C9722C96BB580015D7DB /* Release */,
			);
			defaultConfigurationIsVisible = 0;
			defaultConfigurationName = Release;
		};
		1D64C9732C96BB580015D7DB /* Build configuration list for PBXNativeTarget "InstafilterUITests" */ = {
			isa = XCConfigurationList;
			buildConfigurations = (
				1D64C9742C96BB580015D7DB /* Debug */,
				1D64C9752C96BB580015D7DB /* Release */,
			);
			defaultConfigurationIsVisible = 0;
			defaultConfigurationName = Release;
		};
/* End XCConfigurationList section */
	};
	rootObject = 1D64C9412C96BB550015D7DB /* Project object */;
}
